// !$*UTF8*$!
{
	archiveVersion = 1;
	classes = {
	};
	objectVersion = 50;
	objects = {

/* Begin PBXBuildFile section */
		52105ADD22E1A0D6006BC5A0 /* main.c in Sources */ = {isa = PBXBuildFile; fileRef = 52105ADC22E1A0D6006BC5A0 /* main.c */; };
		52105AF322E1C82B006BC5A0 /* main.c in Sources */ = {isa = PBXBuildFile; fileRef = 52105AF222E1C82B006BC5A0 /* main.c */; };
		52105AFE22E1DDA4006BC5A0 /* main.c in Sources */ = {isa = PBXBuildFile; fileRef = 52105AFD22E1DDA4006BC5A0 /* main.c */; };
		526A954C22CFA32F00193886 /* main.cpp in Sources */ = {isa = PBXBuildFile; fileRef = 526A954B22CFA32F00193886 /* main.cpp */; };
		52DA682A22C4FACD001E1B09 /* main.cpp in Sources */ = {isa = PBXBuildFile; fileRef = 52DA682922C4FACD001E1B09 /* main.cpp */; };
		52DA683722C4FB0E001E1B09 /* main.c in Sources */ = {isa = PBXBuildFile; fileRef = 52DA683622C4FB0E001E1B09 /* main.c */; };
		52DA684222C4FB61001E1B09 /* main.c in Sources */ = {isa = PBXBuildFile; fileRef = 52DA684122C4FB61001E1B09 /* main.c */; };
		52DA684D22C6301F001E1B09 /* main.c in Sources */ = {isa = PBXBuildFile; fileRef = 52DA684C22C6301F001E1B09 /* main.c */; };
		52DA685822CA262D001E1B09 /* main.c in Sources */ = {isa = PBXBuildFile; fileRef = 52DA685722CA262D001E1B09 /* main.c */; };
		52DA686322CA2763001E1B09 /* main.c in Sources */ = {isa = PBXBuildFile; fileRef = 52DA686222CA2763001E1B09 /* main.c */; };
		52DA686E22CA2A03001E1B09 /* main.c in Sources */ = {isa = PBXBuildFile; fileRef = 52DA686D22CA2A03001E1B09 /* main.c */; };
		52DA687922CA2D40001E1B09 /* main.c in Sources */ = {isa = PBXBuildFile; fileRef = 52DA687822CA2D40001E1B09 /* main.c */; };
		52DA688422CA4642001E1B09 /* main.c in Sources */ = {isa = PBXBuildFile; fileRef = 52DA688322CA4642001E1B09 /* main.c */; };
		52DA688F22CBAC4B001E1B09 /* main.c in Sources */ = {isa = PBXBuildFile; fileRef = 52DA688E22CBAC4B001E1B09 /* main.c */; };
		52DB662722D36FA400E38769 /* main.c in Sources */ = {isa = PBXBuildFile; fileRef = 52DB662622D36FA400E38769 /* main.c */; };
		52DB663222D471FC00E38769 /* main.c in Sources */ = {isa = PBXBuildFile; fileRef = 52DB663122D471FC00E38769 /* main.c */; };
		52DB663D22D473D900E38769 /* main.cpp in Sources */ = {isa = PBXBuildFile; fileRef = 52DB663C22D473D900E38769 /* main.cpp */; };
		52DB664822D4842300E38769 /* main.cpp in Sources */ = {isa = PBXBuildFile; fileRef = 52DB664722D4842300E38769 /* main.cpp */; };
		52DB665322D8DD4500E38769 /* main.c in Sources */ = {isa = PBXBuildFile; fileRef = 52DB665222D8DD4400E38769 /* main.c */; };
/* End PBXBuildFile section */

/* Begin PBXCopyFilesBuildPhase section */
		52105AD822E1A0D6006BC5A0 /* CopyFiles */ = {
			isa = PBXCopyFilesBuildPhase;
			buildActionMask = 2147483647;
			dstPath = /usr/share/man/man1/;
			dstSubfolderSpec = 0;
			files = (
			);
			runOnlyForDeploymentPostprocessing = 1;
		};
		52105AE322E1B0AD006BC5A0 /* CopyFiles */ = {
			isa = PBXCopyFilesBuildPhase;
			buildActionMask = 2147483647;
			dstPath = /usr/share/man/man1/;
			dstSubfolderSpec = 0;
			files = (
			);
			runOnlyForDeploymentPostprocessing = 1;
		};
		52105AEE22E1C82B006BC5A0 /* CopyFiles */ = {
			isa = PBXCopyFilesBuildPhase;
			buildActionMask = 2147483647;
			dstPath = /usr/share/man/man1/;
			dstSubfolderSpec = 0;
			files = (
			);
			runOnlyForDeploymentPostprocessing = 1;
		};
		52105AF922E1DDA4006BC5A0 /* CopyFiles */ = {
			isa = PBXCopyFilesBuildPhase;
			buildActionMask = 2147483647;
			dstPath = /usr/share/man/man1/;
			dstSubfolderSpec = 0;
			files = (
			);
			runOnlyForDeploymentPostprocessing = 1;
		};
		526A954722CFA32F00193886 /* CopyFiles */ = {
			isa = PBXCopyFilesBuildPhase;
			buildActionMask = 2147483647;
			dstPath = /usr/share/man/man1/;
			dstSubfolderSpec = 0;
			files = (
			);
			runOnlyForDeploymentPostprocessing = 1;
		};
		52DA682422C4FACD001E1B09 /* CopyFiles */ = {
			isa = PBXCopyFilesBuildPhase;
			buildActionMask = 2147483647;
			dstPath = /usr/share/man/man1/;
			dstSubfolderSpec = 0;
			files = (
			);
			runOnlyForDeploymentPostprocessing = 1;
		};
		52DA683222C4FB0E001E1B09 /* CopyFiles */ = {
			isa = PBXCopyFilesBuildPhase;
			buildActionMask = 2147483647;
			dstPath = /usr/share/man/man1/;
			dstSubfolderSpec = 0;
			files = (
			);
			runOnlyForDeploymentPostprocessing = 1;
		};
		52DA683D22C4FB61001E1B09 /* CopyFiles */ = {
			isa = PBXCopyFilesBuildPhase;
			buildActionMask = 2147483647;
			dstPath = /usr/share/man/man1/;
			dstSubfolderSpec = 0;
			files = (
			);
			runOnlyForDeploymentPostprocessing = 1;
		};
		52DA684822C6301F001E1B09 /* CopyFiles */ = {
			isa = PBXCopyFilesBuildPhase;
			buildActionMask = 2147483647;
			dstPath = /usr/share/man/man1/;
			dstSubfolderSpec = 0;
			files = (
			);
			runOnlyForDeploymentPostprocessing = 1;
		};
		52DA685322CA262D001E1B09 /* CopyFiles */ = {
			isa = PBXCopyFilesBuildPhase;
			buildActionMask = 2147483647;
			dstPath = /usr/share/man/man1/;
			dstSubfolderSpec = 0;
			files = (
			);
			runOnlyForDeploymentPostprocessing = 1;
		};
		52DA685E22CA2763001E1B09 /* CopyFiles */ = {
			isa = PBXCopyFilesBuildPhase;
			buildActionMask = 2147483647;
			dstPath = /usr/share/man/man1/;
			dstSubfolderSpec = 0;
			files = (
			);
			runOnlyForDeploymentPostprocessing = 1;
		};
		52DA686922CA2A03001E1B09 /* CopyFiles */ = {
			isa = PBXCopyFilesBuildPhase;
			buildActionMask = 2147483647;
			dstPath = /usr/share/man/man1/;
			dstSubfolderSpec = 0;
			files = (
			);
			runOnlyForDeploymentPostprocessing = 1;
		};
		52DA687422CA2D40001E1B09 /* CopyFiles */ = {
			isa = PBXCopyFilesBuildPhase;
			buildActionMask = 2147483647;
			dstPath = /usr/share/man/man1/;
			dstSubfolderSpec = 0;
			files = (
			);
			runOnlyForDeploymentPostprocessing = 1;
		};
		52DA687F22CA4642001E1B09 /* CopyFiles */ = {
			isa = PBXCopyFilesBuildPhase;
			buildActionMask = 2147483647;
			dstPath = /usr/share/man/man1/;
			dstSubfolderSpec = 0;
			files = (
			);
			runOnlyForDeploymentPostprocessing = 1;
		};
		52DA688A22CBAC4B001E1B09 /* CopyFiles */ = {
			isa = PBXCopyFilesBuildPhase;
			buildActionMask = 2147483647;
			dstPath = /usr/share/man/man1/;
			dstSubfolderSpec = 0;
			files = (
			);
			runOnlyForDeploymentPostprocessing = 1;
		};
		52DB661722D36F4E00E38769 /* CopyFiles */ = {
			isa = PBXCopyFilesBuildPhase;
			buildActionMask = 2147483647;
			dstPath = /usr/share/man/man1/;
			dstSubfolderSpec = 0;
			files = (
			);
			runOnlyForDeploymentPostprocessing = 1;
		};
		52DB662222D36FA400E38769 /* CopyFiles */ = {
			isa = PBXCopyFilesBuildPhase;
			buildActionMask = 2147483647;
			dstPath = /usr/share/man/man1/;
			dstSubfolderSpec = 0;
			files = (
			);
			runOnlyForDeploymentPostprocessing = 1;
		};
		52DB662D22D471FC00E38769 /* CopyFiles */ = {
			isa = PBXCopyFilesBuildPhase;
			buildActionMask = 2147483647;
			dstPath = /usr/share/man/man1/;
			dstSubfolderSpec = 0;
			files = (
			);
			runOnlyForDeploymentPostprocessing = 1;
		};
		52DB663822D473D900E38769 /* CopyFiles */ = {
			isa = PBXCopyFilesBuildPhase;
			buildActionMask = 2147483647;
			dstPath = /usr/share/man/man1/;
			dstSubfolderSpec = 0;
			files = (
			);
			runOnlyForDeploymentPostprocessing = 1;
		};
		52DB664322D4842300E38769 /* CopyFiles */ = {
			isa = PBXCopyFilesBuildPhase;
			buildActionMask = 2147483647;
			dstPath = /usr/share/man/man1/;
			dstSubfolderSpec = 0;
			files = (
			);
			runOnlyForDeploymentPostprocessing = 1;
		};
		52DB664E22D8DD4400E38769 /* CopyFiles */ = {
			isa = PBXCopyFilesBuildPhase;
			buildActionMask = 2147483647;
			dstPath = /usr/share/man/man1/;
			dstSubfolderSpec = 0;
			files = (
			);
			runOnlyForDeploymentPostprocessing = 1;
		};
/* End PBXCopyFilesBuildPhase section */

/* Begin PBXFileReference section */
		52105ADA22E1A0D6006BC5A0 /* Queue */ = {isa = PBXFileReference; explicitFileType = "compiled.mach-o.executable"; includeInIndex = 0; path = Queue; sourceTree = BUILT_PRODUCTS_DIR; };
		52105ADC22E1A0D6006BC5A0 /* main.c */ = {isa = PBXFileReference; lastKnownFileType = sourcecode.c.c; path = main.c; sourceTree = "<group>"; };
		52105AE522E1B0AD006BC5A0 /* CircularQueue */ = {isa = PBXFileReference; explicitFileType = "compiled.mach-o.executable"; includeInIndex = 0; path = CircularQueue; sourceTree = BUILT_PRODUCTS_DIR; };
		52105AF022E1C82B006BC5A0 /* DynamicCircularQueue */ = {isa = PBXFileReference; explicitFileType = "compiled.mach-o.executable"; includeInIndex = 0; path = DynamicCircularQueue; sourceTree = BUILT_PRODUCTS_DIR; };
		52105AF222E1C82B006BC5A0 /* main.c */ = {isa = PBXFileReference; lastKnownFileType = sourcecode.c.c; path = main.c; sourceTree = "<group>"; };
		52105AFB22E1DDA4006BC5A0 /* QueueLinkedList */ = {isa = PBXFileReference; explicitFileType = "compiled.mach-o.executable"; includeInIndex = 0; path = QueueLinkedList; sourceTree = BUILT_PRODUCTS_DIR; };
		52105AFD22E1DDA4006BC5A0 /* main.c */ = {isa = PBXFileReference; lastKnownFileType = sourcecode.c.c; path = main.c; sourceTree = "<group>"; };
		526A954922CFA32F00193886 /* BSTcpp */ = {isa = PBXFileReference; explicitFileType = "compiled.mach-o.executable"; includeInIndex = 0; path = BSTcpp; sourceTree = BUILT_PRODUCTS_DIR; };
		526A954B22CFA32F00193886 /* main.cpp */ = {isa = PBXFileReference; lastKnownFileType = sourcecode.cpp.cpp; path = main.cpp; sourceTree = "<group>"; };
		52DA682622C4FACD001E1B09 /* Stacks */ = {isa = PBXFileReference; explicitFileType = "compiled.mach-o.executable"; includeInIndex = 0; path = Stacks; sourceTree = BUILT_PRODUCTS_DIR; };
		52DA682922C4FACD001E1B09 /* main.cpp */ = {isa = PBXFileReference; lastKnownFileType = sourcecode.cpp.cpp; path = main.cpp; sourceTree = "<group>"; };
		52DA683422C4FB0E001E1B09 /* LinkedList */ = {isa = PBXFileReference; explicitFileType = "compiled.mach-o.executable"; includeInIndex = 0; path = LinkedList; sourceTree = BUILT_PRODUCTS_DIR; };
		52DA683622C4FB0E001E1B09 /* main.c */ = {isa = PBXFileReference; lastKnownFileType = sourcecode.c.c; path = main.c; sourceTree = "<group>"; };
		52DA683F22C4FB61001E1B09 /* StackLinkedList */ = {isa = PBXFileReference; explicitFileType = "compiled.mach-o.executable"; includeInIndex = 0; path = StackLinkedList; sourceTree = BUILT_PRODUCTS_DIR; };
		52DA684122C4FB61001E1B09 /* main.c */ = {isa = PBXFileReference; lastKnownFileType = sourcecode.c.c; path = main.c; sourceTree = "<group>"; };
		52DA684A22C6301F001E1B09 /* test */ = {isa = PBXFileReference; explicitFileType = "compiled.mach-o.executable"; includeInIndex = 0; path = test; sourceTree = BUILT_PRODUCTS_DIR; };
		52DA684C22C6301F001E1B09 /* main.c */ = {isa = PBXFileReference; lastKnownFileType = sourcecode.c.c; path = main.c; sourceTree = "<group>"; };
		52DA685522CA262D001E1B09 /* factorial */ = {isa = PBXFileReference; explicitFileType = "compiled.mach-o.executable"; includeInIndex = 0; path = factorial; sourceTree = BUILT_PRODUCTS_DIR; };
		52DA685722CA262D001E1B09 /* main.c */ = {isa = PBXFileReference; lastKnownFileType = sourcecode.c.c; path = main.c; sourceTree = "<group>"; };
		52DA686022CA2763001E1B09 /* sum */ = {isa = PBXFileReference; explicitFileType = "compiled.mach-o.executable"; includeInIndex = 0; path = sum; sourceTree = BUILT_PRODUCTS_DIR; };
		52DA686222CA2763001E1B09 /* main.c */ = {isa = PBXFileReference; lastKnownFileType = sourcecode.c.c; path = main.c; sourceTree = "<group>"; };
		52DA686B22CA2A03001E1B09 /* x^n */ = {isa = PBXFileReference; explicitFileType = "compiled.mach-o.executable"; includeInIndex = 0; path = "x^n"; sourceTree = BUILT_PRODUCTS_DIR; };
		52DA686D22CA2A03001E1B09 /* main.c */ = {isa = PBXFileReference; lastKnownFileType = sourcecode.c.c; path = main.c; sourceTree = "<group>"; };
		52DA687622CA2D40001E1B09 /* fibbonacci */ = {isa = PBXFileReference; explicitFileType = "compiled.mach-o.executable"; includeInIndex = 0; path = fibbonacci; sourceTree = BUILT_PRODUCTS_DIR; };
		52DA687822CA2D40001E1B09 /* main.c */ = {isa = PBXFileReference; lastKnownFileType = sourcecode.c.c; path = main.c; sourceTree = "<group>"; };
		52DA688122CA4642001E1B09 /* BST */ = {isa = PBXFileReference; explicitFileType = "compiled.mach-o.executable"; includeInIndex = 0; path = BST; sourceTree = BUILT_PRODUCTS_DIR; };
		52DA688322CA4642001E1B09 /* main.c */ = {isa = PBXFileReference; lastKnownFileType = sourcecode.c.c; path = main.c; sourceTree = "<group>"; };
		52DA688C22CBAC4B001E1B09 /* LinkedListDidi */ = {isa = PBXFileReference; explicitFileType = "compiled.mach-o.executable"; includeInIndex = 0; path = LinkedListDidi; sourceTree = BUILT_PRODUCTS_DIR; };
		52DA688E22CBAC4B001E1B09 /* main.c */ = {isa = PBXFileReference; lastKnownFileType = sourcecode.c.c; path = main.c; sourceTree = "<group>"; };
		52DB661922D36F4E00E38769 /* test1 */ = {isa = PBXFileReference; explicitFileType = "compiled.mach-o.executable"; includeInIndex = 0; path = test1; sourceTree = BUILT_PRODUCTS_DIR; };
		52DB662422D36FA400E38769 /* test2 */ = {isa = PBXFileReference; explicitFileType = "compiled.mach-o.executable"; includeInIndex = 0; path = test2; sourceTree = BUILT_PRODUCTS_DIR; };
		52DB662622D36FA400E38769 /* main.c */ = {isa = PBXFileReference; lastKnownFileType = sourcecode.c.c; path = main.c; sourceTree = "<group>"; };
		52DB662F22D471FC00E38769 /* test3 */ = {isa = PBXFileReference; explicitFileType = "compiled.mach-o.executable"; includeInIndex = 0; path = test3; sourceTree = BUILT_PRODUCTS_DIR; };
		52DB663122D471FC00E38769 /* main.c */ = {isa = PBXFileReference; lastKnownFileType = sourcecode.c.c; path = main.c; sourceTree = "<group>"; };
		52DB663A22D473D900E38769 /* test4 */ = {isa = PBXFileReference; explicitFileType = "compiled.mach-o.executable"; includeInIndex = 0; path = test4; sourceTree = BUILT_PRODUCTS_DIR; };
		52DB663C22D473D900E38769 /* main.cpp */ = {isa = PBXFileReference; lastKnownFileType = sourcecode.cpp.cpp; path = main.cpp; sourceTree = "<group>"; };
		52DB664522D4842300E38769 /* bitManupalation */ = {isa = PBXFileReference; explicitFileType = "compiled.mach-o.executable"; includeInIndex = 0; path = bitManupalation; sourceTree = BUILT_PRODUCTS_DIR; };
		52DB664722D4842300E38769 /* main.cpp */ = {isa = PBXFileReference; lastKnownFileType = sourcecode.cpp.cpp; path = main.cpp; sourceTree = "<group>"; };
		52DB665022D8DD4400E38769 /* treesdidi */ = {isa = PBXFileReference; explicitFileType = "compiled.mach-o.executable"; includeInIndex = 0; path = treesdidi; sourceTree = BUILT_PRODUCTS_DIR; };
		52DB665222D8DD4400E38769 /* main.c */ = {isa = PBXFileReference; lastKnownFileType = sourcecode.c.c; path = main.c; sourceTree = "<group>"; };
/* End PBXFileReference section */

/* Begin PBXFrameworksBuildPhase section */
		52105AD722E1A0D6006BC5A0 /* Frameworks */ = {
			isa = PBXFrameworksBuildPhase;
			buildActionMask = 2147483647;
			files = (
			);
			runOnlyForDeploymentPostprocessing = 0;
		};
		52105AE222E1B0AD006BC5A0 /* Frameworks */ = {
			isa = PBXFrameworksBuildPhase;
			buildActionMask = 2147483647;
			files = (
			);
			runOnlyForDeploymentPostprocessing = 0;
		};
		52105AED22E1C82B006BC5A0 /* Frameworks */ = {
			isa = PBXFrameworksBuildPhase;
			buildActionMask = 2147483647;
			files = (
			);
			runOnlyForDeploymentPostprocessing = 0;
		};
		52105AF822E1DDA4006BC5A0 /* Frameworks */ = {
			isa = PBXFrameworksBuildPhase;
			buildActionMask = 2147483647;
			files = (
			);
			runOnlyForDeploymentPostprocessing = 0;
		};
		526A954622CFA32F00193886 /* Frameworks */ = {
			isa = PBXFrameworksBuildPhase;
			buildActionMask = 2147483647;
			files = (
			);
			runOnlyForDeploymentPostprocessing = 0;
		};
		52DA682322C4FACD001E1B09 /* Frameworks */ = {
			isa = PBXFrameworksBuildPhase;
			buildActionMask = 2147483647;
			files = (
			);
			runOnlyForDeploymentPostprocessing = 0;
		};
		52DA683122C4FB0E001E1B09 /* Frameworks */ = {
			isa = PBXFrameworksBuildPhase;
			buildActionMask = 2147483647;
			files = (
			);
			runOnlyForDeploymentPostprocessing = 0;
		};
		52DA683C22C4FB61001E1B09 /* Frameworks */ = {
			isa = PBXFrameworksBuildPhase;
			buildActionMask = 2147483647;
			files = (
			);
			runOnlyForDeploymentPostprocessing = 0;
		};
		52DA684722C6301F001E1B09 /* Frameworks */ = {
			isa = PBXFrameworksBuildPhase;
			buildActionMask = 2147483647;
			files = (
			);
			runOnlyForDeploymentPostprocessing = 0;
		};
		52DA685222CA262D001E1B09 /* Frameworks */ = {
			isa = PBXFrameworksBuildPhase;
			buildActionMask = 2147483647;
			files = (
			);
			runOnlyForDeploymentPostprocessing = 0;
		};
		52DA685D22CA2763001E1B09 /* Frameworks */ = {
			isa = PBXFrameworksBuildPhase;
			buildActionMask = 2147483647;
			files = (
			);
			runOnlyForDeploymentPostprocessing = 0;
		};
		52DA686822CA2A03001E1B09 /* Frameworks */ = {
			isa = PBXFrameworksBuildPhase;
			buildActionMask = 2147483647;
			files = (
			);
			runOnlyForDeploymentPostprocessing = 0;
		};
		52DA687322CA2D40001E1B09 /* Frameworks */ = {
			isa = PBXFrameworksBuildPhase;
			buildActionMask = 2147483647;
			files = (
			);
			runOnlyForDeploymentPostprocessing = 0;
		};
		52DA687E22CA4642001E1B09 /* Frameworks */ = {
			isa = PBXFrameworksBuildPhase;
			buildActionMask = 2147483647;
			files = (
			);
			runOnlyForDeploymentPostprocessing = 0;
		};
		52DA688922CBAC4B001E1B09 /* Frameworks */ = {
			isa = PBXFrameworksBuildPhase;
			buildActionMask = 2147483647;
			files = (
			);
			runOnlyForDeploymentPostprocessing = 0;
		};
		52DB661622D36F4E00E38769 /* Frameworks */ = {
			isa = PBXFrameworksBuildPhase;
			buildActionMask = 2147483647;
			files = (
			);
			runOnlyForDeploymentPostprocessing = 0;
		};
		52DB662122D36FA400E38769 /* Frameworks */ = {
			isa = PBXFrameworksBuildPhase;
			buildActionMask = 2147483647;
			files = (
			);
			runOnlyForDeploymentPostprocessing = 0;
		};
		52DB662C22D471FC00E38769 /* Frameworks */ = {
			isa = PBXFrameworksBuildPhase;
			buildActionMask = 2147483647;
			files = (
			);
			runOnlyForDeploymentPostprocessing = 0;
		};
		52DB663722D473D900E38769 /* Frameworks */ = {
			isa = PBXFrameworksBuildPhase;
			buildActionMask = 2147483647;
			files = (
			);
			runOnlyForDeploymentPostprocessing = 0;
		};
		52DB664222D4842300E38769 /* Frameworks */ = {
			isa = PBXFrameworksBuildPhase;
			buildActionMask = 2147483647;
			files = (
			);
			runOnlyForDeploymentPostprocessing = 0;
		};
		52DB664D22D8DD4400E38769 /* Frameworks */ = {
			isa = PBXFrameworksBuildPhase;
			buildActionMask = 2147483647;
			files = (
			);
			runOnlyForDeploymentPostprocessing = 0;
		};
/* End PBXFrameworksBuildPhase section */

/* Begin PBXGroup section */
		52105ADB22E1A0D6006BC5A0 /* Queue */ = {
			isa = PBXGroup;
			children = (
				52105ADC22E1A0D6006BC5A0 /* main.c */,
			);
			path = Queue;
			sourceTree = "<group>";
		};
		52105AF122E1C82B006BC5A0 /* DynamicCircularQueue */ = {
			isa = PBXGroup;
			children = (
				52105AF222E1C82B006BC5A0 /* main.c */,
			);
			path = DynamicCircularQueue;
			sourceTree = "<group>";
		};
		52105AFC22E1DDA4006BC5A0 /* QueueLinkedList */ = {
			isa = PBXGroup;
			children = (
				52105AFD22E1DDA4006BC5A0 /* main.c */,
			);
			path = QueueLinkedList;
			sourceTree = "<group>";
		};
		526A954A22CFA32F00193886 /* BSTcpp */ = {
			isa = PBXGroup;
			children = (
				526A954B22CFA32F00193886 /* main.cpp */,
			);
			path = BSTcpp;
			sourceTree = "<group>";
		};
		52DA681D22C4FACD001E1B09 = {
			isa = PBXGroup;
			children = (
				52DA682822C4FACD001E1B09 /* Stacks */,
				52DA683522C4FB0E001E1B09 /* LinkedList */,
				52DA684022C4FB61001E1B09 /* StackLinkedList */,
				52DA684B22C6301F001E1B09 /* test */,
				52DA685622CA262D001E1B09 /* factorial */,
				52DA686122CA2763001E1B09 /* sum */,
				52DA686C22CA2A03001E1B09 /* x^n */,
				52DA687722CA2D40001E1B09 /* fibbonacci */,
				52DA688222CA4642001E1B09 /* BST */,
				52DA688D22CBAC4B001E1B09 /* LinkedListDidi */,
				526A954A22CFA32F00193886 /* BSTcpp */,
				52DB662522D36FA400E38769 /* test2 */,
				52DB663022D471FC00E38769 /* test3 */,
				52DB663B22D473D900E38769 /* test4 */,
				52DB664622D4842300E38769 /* bitManupalation */,
				52DB665122D8DD4400E38769 /* treesdidi */,
				52105ADB22E1A0D6006BC5A0 /* Queue */,
				52105AF122E1C82B006BC5A0 /* DynamicCircularQueue */,
				52105AFC22E1DDA4006BC5A0 /* QueueLinkedList */,
				52DA682722C4FACD001E1B09 /* Products */,
			);
			sourceTree = "<group>";
		};
		52DA682722C4FACD001E1B09 /* Products */ = {
			isa = PBXGroup;
			children = (
				52DA682622C4FACD001E1B09 /* Stacks */,
				52DA683422C4FB0E001E1B09 /* LinkedList */,
				52DA683F22C4FB61001E1B09 /* StackLinkedList */,
				52DA684A22C6301F001E1B09 /* test */,
				52DA685522CA262D001E1B09 /* factorial */,
				52DA686022CA2763001E1B09 /* sum */,
				52DA686B22CA2A03001E1B09 /* x^n */,
				52DA687622CA2D40001E1B09 /* fibbonacci */,
				52DA688122CA4642001E1B09 /* BST */,
				52DA688C22CBAC4B001E1B09 /* LinkedListDidi */,
				526A954922CFA32F00193886 /* BSTcpp */,
				52DB661922D36F4E00E38769 /* test1 */,
				52DB662422D36FA400E38769 /* test2 */,
				52DB662F22D471FC00E38769 /* test3 */,
				52DB663A22D473D900E38769 /* test4 */,
				52DB664522D4842300E38769 /* bitManupalation */,
				52DB665022D8DD4400E38769 /* treesdidi */,
				52105ADA22E1A0D6006BC5A0 /* Queue */,
				52105AE522E1B0AD006BC5A0 /* CircularQueue */,
				52105AF022E1C82B006BC5A0 /* DynamicCircularQueue */,
				52105AFB22E1DDA4006BC5A0 /* QueueLinkedList */,
			);
			name = Products;
			sourceTree = "<group>";
		};
		52DA682822C4FACD001E1B09 /* Stacks */ = {
			isa = PBXGroup;
			children = (
				52DA682922C4FACD001E1B09 /* main.cpp */,
			);
			path = Stacks;
			sourceTree = "<group>";
		};
		52DA683522C4FB0E001E1B09 /* LinkedList */ = {
			isa = PBXGroup;
			children = (
				52DA683622C4FB0E001E1B09 /* main.c */,
			);
			path = LinkedList;
			sourceTree = "<group>";
		};
		52DA684022C4FB61001E1B09 /* StackLinkedList */ = {
			isa = PBXGroup;
			children = (
				52DA684122C4FB61001E1B09 /* main.c */,
			);
			path = StackLinkedList;
			sourceTree = "<group>";
		};
		52DA684B22C6301F001E1B09 /* test */ = {
			isa = PBXGroup;
			children = (
				52DA684C22C6301F001E1B09 /* main.c */,
			);
			path = test;
			sourceTree = "<group>";
		};
		52DA685622CA262D001E1B09 /* factorial */ = {
			isa = PBXGroup;
			children = (
				52DA685722CA262D001E1B09 /* main.c */,
			);
			path = factorial;
			sourceTree = "<group>";
		};
		52DA686122CA2763001E1B09 /* sum */ = {
			isa = PBXGroup;
			children = (
				52DA686222CA2763001E1B09 /* main.c */,
			);
			path = sum;
			sourceTree = "<group>";
		};
		52DA686C22CA2A03001E1B09 /* x^n */ = {
			isa = PBXGroup;
			children = (
				52DA686D22CA2A03001E1B09 /* main.c */,
			);
			path = "x^n";
			sourceTree = "<group>";
		};
		52DA687722CA2D40001E1B09 /* fibbonacci */ = {
			isa = PBXGroup;
			children = (
				52DA687822CA2D40001E1B09 /* main.c */,
			);
			path = fibbonacci;
			sourceTree = "<group>";
		};
		52DA688222CA4642001E1B09 /* BST */ = {
			isa = PBXGroup;
			children = (
				52DA688322CA4642001E1B09 /* main.c */,
			);
			path = BST;
			sourceTree = "<group>";
		};
		52DA688D22CBAC4B001E1B09 /* LinkedListDidi */ = {
			isa = PBXGroup;
			children = (
				52DA688E22CBAC4B001E1B09 /* main.c */,
			);
			path = LinkedListDidi;
			sourceTree = "<group>";
		};
		52DB662522D36FA400E38769 /* test2 */ = {
			isa = PBXGroup;
			children = (
				52DB662622D36FA400E38769 /* main.c */,
			);
			path = test2;
			sourceTree = "<group>";
		};
		52DB663022D471FC00E38769 /* test3 */ = {
			isa = PBXGroup;
			children = (
				52DB663122D471FC00E38769 /* main.c */,
			);
			path = test3;
			sourceTree = "<group>";
		};
		52DB663B22D473D900E38769 /* test4 */ = {
			isa = PBXGroup;
			children = (
				52DB663C22D473D900E38769 /* main.cpp */,
			);
			path = test4;
			sourceTree = "<group>";
		};
		52DB664622D4842300E38769 /* bitManupalation */ = {
			isa = PBXGroup;
			children = (
				52DB664722D4842300E38769 /* main.cpp */,
			);
			path = bitManupalation;
			sourceTree = "<group>";
		};
		52DB665122D8DD4400E38769 /* treesdidi */ = {
			isa = PBXGroup;
			children = (
				52DB665222D8DD4400E38769 /* main.c */,
			);
			path = treesdidi;
			sourceTree = "<group>";
		};
/* End PBXGroup section */

/* Begin PBXNativeTarget section */
		52105AD922E1A0D6006BC5A0 /* Queue */ = {
			isa = PBXNativeTarget;
			buildConfigurationList = 52105AE022E1A0D6006BC5A0 /* Build configuration list for PBXNativeTarget "Queue" */;
			buildPhases = (
				52105AD622E1A0D6006BC5A0 /* Sources */,
				52105AD722E1A0D6006BC5A0 /* Frameworks */,
				52105AD822E1A0D6006BC5A0 /* CopyFiles */,
			);
			buildRules = (
			);
			dependencies = (
			);
			name = Queue;
			productName = Queue;
			productReference = 52105ADA22E1A0D6006BC5A0 /* Queue */;
			productType = "com.apple.product-type.tool";
		};
		52105AE422E1B0AD006BC5A0 /* CircularQueue */ = {
			isa = PBXNativeTarget;
			buildConfigurationList = 52105AE922E1B0AD006BC5A0 /* Build configuration list for PBXNativeTarget "CircularQueue" */;
			buildPhases = (
				52105AE122E1B0AD006BC5A0 /* Sources */,
				52105AE222E1B0AD006BC5A0 /* Frameworks */,
				52105AE322E1B0AD006BC5A0 /* CopyFiles */,
			);
			buildRules = (
			);
			dependencies = (
			);
			name = CircularQueue;
			productName = CircularQueue;
			productReference = 52105AE522E1B0AD006BC5A0 /* CircularQueue */;
			productType = "com.apple.product-type.tool";
		};
		52105AEF22E1C82B006BC5A0 /* DynamicCircularQueue */ = {
			isa = PBXNativeTarget;
			buildConfigurationList = 52105AF422E1C82B006BC5A0 /* Build configuration list for PBXNativeTarget "DynamicCircularQueue" */;
			buildPhases = (
				52105AEC22E1C82B006BC5A0 /* Sources */,
				52105AED22E1C82B006BC5A0 /* Frameworks */,
				52105AEE22E1C82B006BC5A0 /* CopyFiles */,
			);
			buildRules = (
			);
			dependencies = (
			);
			name = DynamicCircularQueue;
			productName = DynamicCircularQueue;
			productReference = 52105AF022E1C82B006BC5A0 /* DynamicCircularQueue */;
			productType = "com.apple.product-type.tool";
		};
		52105AFA22E1DDA4006BC5A0 /* QueueLinkedList */ = {
			isa = PBXNativeTarget;
			buildConfigurationList = 52105AFF22E1DDA4006BC5A0 /* Build configuration list for PBXNativeTarget "QueueLinkedList" */;
			buildPhases = (
				52105AF722E1DDA4006BC5A0 /* Sources */,
				52105AF822E1DDA4006BC5A0 /* Frameworks */,
				52105AF922E1DDA4006BC5A0 /* CopyFiles */,
			);
			buildRules = (
			);
			dependencies = (
			);
			name = QueueLinkedList;
			productName = QueueLinkedList;
			productReference = 52105AFB22E1DDA4006BC5A0 /* QueueLinkedList */;
			productType = "com.apple.product-type.tool";
		};
		526A954822CFA32F00193886 /* BSTcpp */ = {
			isa = PBXNativeTarget;
			buildConfigurationList = 526A954F22CFA32F00193886 /* Build configuration list for PBXNativeTarget "BSTcpp" */;
			buildPhases = (
				526A954522CFA32F00193886 /* Sources */,
				526A954622CFA32F00193886 /* Frameworks */,
				526A954722CFA32F00193886 /* CopyFiles */,
			);
			buildRules = (
			);
			dependencies = (
			);
			name = BSTcpp;
			productName = BSTcpp;
			productReference = 526A954922CFA32F00193886 /* BSTcpp */;
			productType = "com.apple.product-type.tool";
		};
		52DA682522C4FACD001E1B09 /* Stacks */ = {
			isa = PBXNativeTarget;
			buildConfigurationList = 52DA682D22C4FACD001E1B09 /* Build configuration list for PBXNativeTarget "Stacks" */;
			buildPhases = (
				52DA682222C4FACD001E1B09 /* Sources */,
				52DA682322C4FACD001E1B09 /* Frameworks */,
				52DA682422C4FACD001E1B09 /* CopyFiles */,
			);
			buildRules = (
			);
			dependencies = (
			);
			name = Stacks;
			productName = Stacks;
			productReference = 52DA682622C4FACD001E1B09 /* Stacks */;
			productType = "com.apple.product-type.tool";
		};
		52DA683322C4FB0E001E1B09 /* LinkedList */ = {
			isa = PBXNativeTarget;
			buildConfigurationList = 52DA683822C4FB0E001E1B09 /* Build configuration list for PBXNativeTarget "LinkedList" */;
			buildPhases = (
				52DA683022C4FB0E001E1B09 /* Sources */,
				52DA683122C4FB0E001E1B09 /* Frameworks */,
				52DA683222C4FB0E001E1B09 /* CopyFiles */,
			);
			buildRules = (
			);
			dependencies = (
			);
			name = LinkedList;
			productName = LinkedList;
			productReference = 52DA683422C4FB0E001E1B09 /* LinkedList */;
			productType = "com.apple.product-type.tool";
		};
		52DA683E22C4FB61001E1B09 /* StackLinkedList */ = {
			isa = PBXNativeTarget;
			buildConfigurationList = 52DA684322C4FB61001E1B09 /* Build configuration list for PBXNativeTarget "StackLinkedList" */;
			buildPhases = (
				52DA683B22C4FB61001E1B09 /* Sources */,
				52DA683C22C4FB61001E1B09 /* Frameworks */,
				52DA683D22C4FB61001E1B09 /* CopyFiles */,
			);
			buildRules = (
			);
			dependencies = (
			);
			name = StackLinkedList;
			productName = StackLinkedList;
			productReference = 52DA683F22C4FB61001E1B09 /* StackLinkedList */;
			productType = "com.apple.product-type.tool";
		};
		52DA684922C6301F001E1B09 /* test */ = {
			isa = PBXNativeTarget;
			buildConfigurationList = 52DA685022C6301F001E1B09 /* Build configuration list for PBXNativeTarget "test" */;
			buildPhases = (
				52DA684622C6301F001E1B09 /* Sources */,
				52DA684722C6301F001E1B09 /* Frameworks */,
				52DA684822C6301F001E1B09 /* CopyFiles */,
			);
			buildRules = (
			);
			dependencies = (
			);
			name = test;
			productName = test;
			productReference = 52DA684A22C6301F001E1B09 /* test */;
			productType = "com.apple.product-type.tool";
		};
		52DA685422CA262D001E1B09 /* factorial */ = {
			isa = PBXNativeTarget;
			buildConfigurationList = 52DA685922CA262D001E1B09 /* Build configuration list for PBXNativeTarget "factorial" */;
			buildPhases = (
				52DA685122CA262D001E1B09 /* Sources */,
				52DA685222CA262D001E1B09 /* Frameworks */,
				52DA685322CA262D001E1B09 /* CopyFiles */,
			);
			buildRules = (
			);
			dependencies = (
			);
			name = factorial;
			productName = factorial;
			productReference = 52DA685522CA262D001E1B09 /* factorial */;
			productType = "com.apple.product-type.tool";
		};
		52DA685F22CA2763001E1B09 /* sum */ = {
			isa = PBXNativeTarget;
			buildConfigurationList = 52DA686422CA2763001E1B09 /* Build configuration list for PBXNativeTarget "sum" */;
			buildPhases = (
				52DA685C22CA2763001E1B09 /* Sources */,
				52DA685D22CA2763001E1B09 /* Frameworks */,
				52DA685E22CA2763001E1B09 /* CopyFiles */,
			);
			buildRules = (
			);
			dependencies = (
			);
			name = sum;
			productName = sum;
			productReference = 52DA686022CA2763001E1B09 /* sum */;
			productType = "com.apple.product-type.tool";
		};
		52DA686A22CA2A03001E1B09 /* x^n */ = {
			isa = PBXNativeTarget;
			buildConfigurationList = 52DA686F22CA2A03001E1B09 /* Build configuration list for PBXNativeTarget "x^n" */;
			buildPhases = (
				52DA686722CA2A03001E1B09 /* Sources */,
				52DA686822CA2A03001E1B09 /* Frameworks */,
				52DA686922CA2A03001E1B09 /* CopyFiles */,
			);
			buildRules = (
			);
			dependencies = (
			);
			name = "x^n";
			productName = "x^n";
			productReference = 52DA686B22CA2A03001E1B09 /* x^n */;
			productType = "com.apple.product-type.tool";
		};
		52DA687522CA2D40001E1B09 /* fibbonacci */ = {
			isa = PBXNativeTarget;
			buildConfigurationList = 52DA687A22CA2D40001E1B09 /* Build configuration list for PBXNativeTarget "fibbonacci" */;
			buildPhases = (
				52DA687222CA2D40001E1B09 /* Sources */,
				52DA687322CA2D40001E1B09 /* Frameworks */,
				52DA687422CA2D40001E1B09 /* CopyFiles */,
			);
			buildRules = (
			);
			dependencies = (
			);
			name = fibbonacci;
			productName = fibbonacci;
			productReference = 52DA687622CA2D40001E1B09 /* fibbonacci */;
			productType = "com.apple.product-type.tool";
		};
		52DA688022CA4642001E1B09 /* BST */ = {
			isa = PBXNativeTarget;
			buildConfigurationList = 52DA688522CA4642001E1B09 /* Build configuration list for PBXNativeTarget "BST" */;
			buildPhases = (
				52DA687D22CA4642001E1B09 /* Sources */,
				52DA687E22CA4642001E1B09 /* Frameworks */,
				52DA687F22CA4642001E1B09 /* CopyFiles */,
			);
			buildRules = (
			);
			dependencies = (
			);
			name = BST;
			productName = BST;
			productReference = 52DA688122CA4642001E1B09 /* BST */;
			productType = "com.apple.product-type.tool";
		};
		52DA688B22CBAC4B001E1B09 /* LinkedListDidi */ = {
			isa = PBXNativeTarget;
			buildConfigurationList = 52DA689022CBAC4B001E1B09 /* Build configuration list for PBXNativeTarget "LinkedListDidi" */;
			buildPhases = (
				52DA688822CBAC4B001E1B09 /* Sources */,
				52DA688922CBAC4B001E1B09 /* Frameworks */,
				52DA688A22CBAC4B001E1B09 /* CopyFiles */,
			);
			buildRules = (
			);
			dependencies = (
			);
			name = LinkedListDidi;
			productName = LinkedListDidi;
			productReference = 52DA688C22CBAC4B001E1B09 /* LinkedListDidi */;
			productType = "com.apple.product-type.tool";
		};
		52DB661822D36F4E00E38769 /* test1 */ = {
			isa = PBXNativeTarget;
			buildConfigurationList = 52DB661F22D36F4E00E38769 /* Build configuration list for PBXNativeTarget "test1" */;
			buildPhases = (
				52DB661522D36F4E00E38769 /* Sources */,
				52DB661622D36F4E00E38769 /* Frameworks */,
				52DB661722D36F4E00E38769 /* CopyFiles */,
			);
			buildRules = (
			);
			dependencies = (
			);
			name = test1;
			productName = test1;
			productReference = 52DB661922D36F4E00E38769 /* test1 */;
			productType = "com.apple.product-type.tool";
		};
		52DB662322D36FA400E38769 /* test2 */ = {
			isa = PBXNativeTarget;
			buildConfigurationList = 52DB662822D36FA400E38769 /* Build configuration list for PBXNativeTarget "test2" */;
			buildPhases = (
				52DB662022D36FA400E38769 /* Sources */,
				52DB662122D36FA400E38769 /* Frameworks */,
				52DB662222D36FA400E38769 /* CopyFiles */,
			);
			buildRules = (
			);
			dependencies = (
			);
			name = test2;
			productName = test2;
			productReference = 52DB662422D36FA400E38769 /* test2 */;
			productType = "com.apple.product-type.tool";
		};
		52DB662E22D471FC00E38769 /* test3 */ = {
			isa = PBXNativeTarget;
			buildConfigurationList = 52DB663322D471FC00E38769 /* Build configuration list for PBXNativeTarget "test3" */;
			buildPhases = (
				52DB662B22D471FC00E38769 /* Sources */,
				52DB662C22D471FC00E38769 /* Frameworks */,
				52DB662D22D471FC00E38769 /* CopyFiles */,
			);
			buildRules = (
			);
			dependencies = (
			);
			name = test3;
			productName = test3;
			productReference = 52DB662F22D471FC00E38769 /* test3 */;
			productType = "com.apple.product-type.tool";
		};
		52DB663922D473D900E38769 /* test4 */ = {
			isa = PBXNativeTarget;
			buildConfigurationList = 52DB663E22D473D900E38769 /* Build configuration list for PBXNativeTarget "test4" */;
			buildPhases = (
				52DB663622D473D900E38769 /* Sources */,
				52DB663722D473D900E38769 /* Frameworks */,
				52DB663822D473D900E38769 /* CopyFiles */,
			);
			buildRules = (
			);
			dependencies = (
			);
			name = test4;
			productName = test4;
			productReference = 52DB663A22D473D900E38769 /* test4 */;
			productType = "com.apple.product-type.tool";
		};
		52DB664422D4842300E38769 /* bitManupalation */ = {
			isa = PBXNativeTarget;
			buildConfigurationList = 52DB664922D4842300E38769 /* Build configuration list for PBXNativeTarget "bitManupalation" */;
			buildPhases = (
				52DB664122D4842300E38769 /* Sources */,
				52DB664222D4842300E38769 /* Frameworks */,
				52DB664322D4842300E38769 /* CopyFiles */,
			);
			buildRules = (
			);
			dependencies = (
			);
			name = bitManupalation;
			productName = bitManupalation;
			productReference = 52DB664522D4842300E38769 /* bitManupalation */;
			productType = "com.apple.product-type.tool";
		};
		52DB664F22D8DD4400E38769 /* treesdidi */ = {
			isa = PBXNativeTarget;
			buildConfigurationList = 52DB665422D8DD4500E38769 /* Build configuration list for PBXNativeTarget "treesdidi" */;
			buildPhases = (
				52DB664C22D8DD4400E38769 /* Sources */,
				52DB664D22D8DD4400E38769 /* Frameworks */,
				52DB664E22D8DD4400E38769 /* CopyFiles */,
			);
			buildRules = (
			);
			dependencies = (
			);
			name = treesdidi;
			productName = treesdidi;
			productReference = 52DB665022D8DD4400E38769 /* treesdidi */;
			productType = "com.apple.product-type.tool";
		};
/* End PBXNativeTarget section */

/* Begin PBXProject section */
		52DA681E22C4FACD001E1B09 /* Project object */ = {
			isa = PBXProject;
			attributes = {
				LastUpgradeCheck = 1020;
				ORGANIZATIONNAME = test;
				TargetAttributes = {
					52105AD922E1A0D6006BC5A0 = {
						CreatedOnToolsVersion = 10.2.1;
					};
					52105AE422E1B0AD006BC5A0 = {
						CreatedOnToolsVersion = 10.2.1;
					};
					52105AEF22E1C82B006BC5A0 = {
						CreatedOnToolsVersion = 10.2.1;
					};
					52105AFA22E1DDA4006BC5A0 = {
						CreatedOnToolsVersion = 10.2.1;
					};
					526A954822CFA32F00193886 = {
						CreatedOnToolsVersion = 10.2.1;
					};
					52DA682522C4FACD001E1B09 = {
						CreatedOnToolsVersion = 10.2.1;
					};
					52DA683322C4FB0E001E1B09 = {
						CreatedOnToolsVersion = 10.2.1;
					};
					52DA683E22C4FB61001E1B09 = {
						CreatedOnToolsVersion = 10.2.1;
					};
					52DA684922C6301F001E1B09 = {
						CreatedOnToolsVersion = 10.2.1;
					};
					52DA685422CA262D001E1B09 = {
						CreatedOnToolsVersion = 10.2.1;
					};
					52DA685F22CA2763001E1B09 = {
						CreatedOnToolsVersion = 10.2.1;
					};
					52DA686A22CA2A03001E1B09 = {
						CreatedOnToolsVersion = 10.2.1;
					};
					52DA687522CA2D40001E1B09 = {
						CreatedOnToolsVersion = 10.2.1;
					};
					52DA688022CA4642001E1B09 = {
						CreatedOnToolsVersion = 10.2.1;
					};
					52DA688B22CBAC4B001E1B09 = {
						CreatedOnToolsVersion = 10.2.1;
					};
					52DB661822D36F4E00E38769 = {
						CreatedOnToolsVersion = 10.2.1;
					};
					52DB662322D36FA400E38769 = {
						CreatedOnToolsVersion = 10.2.1;
					};
					52DB662E22D471FC00E38769 = {
						CreatedOnToolsVersion = 10.2.1;
					};
					52DB663922D473D900E38769 = {
						CreatedOnToolsVersion = 10.2.1;
					};
					52DB664422D4842300E38769 = {
						CreatedOnToolsVersion = 10.2.1;
					};
					52DB664F22D8DD4400E38769 = {
						CreatedOnToolsVersion = 10.2.1;
					};
				};
			};
			buildConfigurationList = 52DA682122C4FACD001E1B09 /* Build configuration list for PBXProject "Stacks" */;
			compatibilityVersion = "Xcode 9.3";
			developmentRegion = en;
			hasScannedForEncodings = 0;
			knownRegions = (
				en,
			);
			mainGroup = 52DA681D22C4FACD001E1B09;
			productRefGroup = 52DA682722C4FACD001E1B09 /* Products */;
			projectDirPath = "";
			projectRoot = "";
			targets = (
				52DA682522C4FACD001E1B09 /* Stacks */,
				52DA683322C4FB0E001E1B09 /* LinkedList */,
				52DA683E22C4FB61001E1B09 /* StackLinkedList */,
				52DA684922C6301F001E1B09 /* test */,
				52DA685422CA262D001E1B09 /* factorial */,
				52DA685F22CA2763001E1B09 /* sum */,
				52DA686A22CA2A03001E1B09 /* x^n */,
				52DA687522CA2D40001E1B09 /* fibbonacci */,
				52DA688022CA4642001E1B09 /* BST */,
				52DA688B22CBAC4B001E1B09 /* LinkedListDidi */,
				526A954822CFA32F00193886 /* BSTcpp */,
				52DB661822D36F4E00E38769 /* test1 */,
				52DB662322D36FA400E38769 /* test2 */,
				52DB662E22D471FC00E38769 /* test3 */,
				52DB663922D473D900E38769 /* test4 */,
				52DB664422D4842300E38769 /* bitManupalation */,
				52DB664F22D8DD4400E38769 /* treesdidi */,
				52105AD922E1A0D6006BC5A0 /* Queue */,
				52105AE422E1B0AD006BC5A0 /* CircularQueue */,
				52105AEF22E1C82B006BC5A0 /* DynamicCircularQueue */,
				52105AFA22E1DDA4006BC5A0 /* QueueLinkedList */,
			);
		};
/* End PBXProject section */

/* Begin PBXSourcesBuildPhase section */
		52105AD622E1A0D6006BC5A0 /* Sources */ = {
			isa = PBXSourcesBuildPhase;
			buildActionMask = 2147483647;
			files = (
				52105ADD22E1A0D6006BC5A0 /* main.c in Sources */,
			);
			runOnlyForDeploymentPostprocessing = 0;
		};
		52105AE122E1B0AD006BC5A0 /* Sources */ = {
			isa = PBXSourcesBuildPhase;
			buildActionMask = 2147483647;
			files = (
			);
			runOnlyForDeploymentPostprocessing = 0;
		};
		52105AEC22E1C82B006BC5A0 /* Sources */ = {
			isa = PBXSourcesBuildPhase;
			buildActionMask = 2147483647;
			files = (
				52105AF322E1C82B006BC5A0 /* main.c in Sources */,
			);
			runOnlyForDeploymentPostprocessing = 0;
		};
		52105AF722E1DDA4006BC5A0 /* Sources */ = {
			isa = PBXSourcesBuildPhase;
			buildActionMask = 2147483647;
			files = (
				52105AFE22E1DDA4006BC5A0 /* main.c in Sources */,
			);
			runOnlyForDeploymentPostprocessing = 0;
		};
		526A954522CFA32F00193886 /* Sources */ = {
			isa = PBXSourcesBuildPhase;
			buildActionMask = 2147483647;
			files = (
				526A954C22CFA32F00193886 /* main.cpp in Sources */,
			);
			runOnlyForDeploymentPostprocessing = 0;
		};
		52DA682222C4FACD001E1B09 /* Sources */ = {
			isa = PBXSourcesBuildPhase;
			buildActionMask = 2147483647;
			files = (
				52DA682A22C4FACD001E1B09 /* main.cpp in Sources */,
			);
			runOnlyForDeploymentPostprocessing = 0;
		};
		52DA683022C4FB0E001E1B09 /* Sources */ = {
			isa = PBXSourcesBuildPhase;
			buildActionMask = 2147483647;
			files = (
				52DA683722C4FB0E001E1B09 /* main.c in Sources */,
			);
			runOnlyForDeploymentPostprocessing = 0;
		};
		52DA683B22C4FB61001E1B09 /* Sources */ = {
			isa = PBXSourcesBuildPhase;
			buildActionMask = 2147483647;
			files = (
				52DA684222C4FB61001E1B09 /* main.c in Sources */,
			);
			runOnlyForDeploymentPostprocessing = 0;
		};
		52DA684622C6301F001E1B09 /* Sources */ = {
			isa = PBXSourcesBuildPhase;
			buildActionMask = 2147483647;
			files = (
				52DA684D22C6301F001E1B09 /* main.c in Sources */,
			);
			runOnlyForDeploymentPostprocessing = 0;
		};
		52DA685122CA262D001E1B09 /* Sources */ = {
			isa = PBXSourcesBuildPhase;
			buildActionMask = 2147483647;
			files = (
				52DA685822CA262D001E1B09 /* main.c in Sources */,
			);
			runOnlyForDeploymentPostprocessing = 0;
		};
		52DA685C22CA2763001E1B09 /* Sources */ = {
			isa = PBXSourcesBuildPhase;
			buildActionMask = 2147483647;
			files = (
				52DA686322CA2763001E1B09 /* main.c in Sources */,
			);
			runOnlyForDeploymentPostprocessing = 0;
		};
		52DA686722CA2A03001E1B09 /* Sources */ = {
			isa = PBXSourcesBuildPhase;
			buildActionMask = 2147483647;
			files = (
				52DA686E22CA2A03001E1B09 /* main.c in Sources */,
			);
			runOnlyForDeploymentPostprocessing = 0;
		};
		52DA687222CA2D40001E1B09 /* Sources */ = {
			isa = PBXSourcesBuildPhase;
			buildActionMask = 2147483647;
			files = (
				52DA687922CA2D40001E1B09 /* main.c in Sources */,
			);
			runOnlyForDeploymentPostprocessing = 0;
		};
		52DA687D22CA4642001E1B09 /* Sources */ = {
			isa = PBXSourcesBuildPhase;
			buildActionMask = 2147483647;
			files = (
				52DA688422CA4642001E1B09 /* main.c in Sources */,
			);
			runOnlyForDeploymentPostprocessing = 0;
		};
		52DA688822CBAC4B001E1B09 /* Sources */ = {
			isa = PBXSourcesBuildPhase;
			buildActionMask = 2147483647;
			files = (
				52DA688F22CBAC4B001E1B09 /* main.c in Sources */,
			);
			runOnlyForDeploymentPostprocessing = 0;
		};
		52DB661522D36F4E00E38769 /* Sources */ = {
			isa = PBXSourcesBuildPhase;
			buildActionMask = 2147483647;
			files = (
			);
			runOnlyForDeploymentPostprocessing = 0;
		};
		52DB662022D36FA400E38769 /* Sources */ = {
			isa = PBXSourcesBuildPhase;
			buildActionMask = 2147483647;
			files = (
				52DB662722D36FA400E38769 /* main.c in Sources */,
			);
			runOnlyForDeploymentPostprocessing = 0;
		};
		52DB662B22D471FC00E38769 /* Sources */ = {
			isa = PBXSourcesBuildPhase;
			buildActionMask = 2147483647;
			files = (
				52DB663222D471FC00E38769 /* main.c in Sources */,
			);
			runOnlyForDeploymentPostprocessing = 0;
		};
		52DB663622D473D900E38769 /* Sources */ = {
			isa = PBXSourcesBuildPhase;
			buildActionMask = 2147483647;
			files = (
				52DB663D22D473D900E38769 /* main.cpp in Sources */,
			);
			runOnlyForDeploymentPostprocessing = 0;
		};
		52DB664122D4842300E38769 /* Sources */ = {
			isa = PBXSourcesBuildPhase;
			buildActionMask = 2147483647;
			files = (
				52DB664822D4842300E38769 /* main.cpp in Sources */,
			);
			runOnlyForDeploymentPostprocessing = 0;
		};
		52DB664C22D8DD4400E38769 /* Sources */ = {
			isa = PBXSourcesBuildPhase;
			buildActionMask = 2147483647;
			files = (
				52DB665322D8DD4500E38769 /* main.c in Sources */,
			);
			runOnlyForDeploymentPostprocessing = 0;
		};
/* End PBXSourcesBuildPhase section */

/* Begin XCBuildConfiguration section */
		52105ADE22E1A0D6006BC5A0 /* Debug */ = {
			isa = XCBuildConfiguration;
			buildSettings = {
				CODE_SIGN_STYLE = Automatic;
				DEVELOPMENT_TEAM = 3H586G8V4B;
				PRODUCT_NAME = "$(TARGET_NAME)";
			};
			name = Debug;
		};
		52105ADF22E1A0D6006BC5A0 /* Release */ = {
			isa = XCBuildConfiguration;
			buildSettings = {
				CODE_SIGN_STYLE = Automatic;
				DEVELOPMENT_TEAM = 3H586G8V4B;
				PRODUCT_NAME = "$(TARGET_NAME)";
			};
			name = Release;
		};
		52105AEA22E1B0AD006BC5A0 /* Debug */ = {
			isa = XCBuildConfiguration;
			buildSettings = {
				CODE_SIGN_STYLE = Automatic;
				DEVELOPMENT_TEAM = 3H586G8V4B;
				PRODUCT_NAME = "$(TARGET_NAME)";
			};
			name = Debug;
		};
		52105AEB22E1B0AD006BC5A0 /* Release */ = {
			isa = XCBuildConfiguration;
			buildSettings = {
				CODE_SIGN_STYLE = Automatic;
				DEVELOPMENT_TEAM = 3H586G8V4B;
				PRODUCT_NAME = "$(TARGET_NAME)";
			};
			name = Release;
		};
		52105AF522E1C82B006BC5A0 /* Debug */ = {
			isa = XCBuildConfiguration;
			buildSettings = {
				CODE_SIGN_STYLE = Automatic;
				DEVELOPMENT_TEAM = 3H586G8V4B;
				PRODUCT_NAME = "$(TARGET_NAME)";
			};
			name = Debug;
		};
		52105AF622E1C82B006BC5A0 /* Release */ = {
			isa = XCBuildConfiguration;
			buildSettings = {
				CODE_SIGN_STYLE = Automatic;
				DEVELOPMENT_TEAM = 3H586G8V4B;
				PRODUCT_NAME = "$(TARGET_NAME)";
			};
			name = Release;
		};
		52105B0022E1DDA4006BC5A0 /* Debug */ = {
			isa = XCBuildConfiguration;
			buildSettings = {
				CODE_SIGN_STYLE = Automatic;
				DEVELOPMENT_TEAM = 3H586G8V4B;
				PRODUCT_NAME = "$(TARGET_NAME)";
			};
			name = Debug;
		};
		52105B0122E1DDA4006BC5A0 /* Release */ = {
			isa = XCBuildConfiguration;
			buildSettings = {
				CODE_SIGN_STYLE = Automatic;
				DEVELOPMENT_TEAM = 3H586G8V4B;
				PRODUCT_NAME = "$(TARGET_NAME)";
			};
			name = Release;
		};
		526A954D22CFA32F00193886 /* Debug */ = {
			isa = XCBuildConfiguration;
			buildSettings = {
				CODE_SIGN_STYLE = Automatic;
				DEVELOPMENT_TEAM = 3H586G8V4B;
				PRODUCT_NAME = "$(TARGET_NAME)";
			};
			name = Debug;
		};
		526A954E22CFA32F00193886 /* Release */ = {
			isa = XCBuildConfiguration;
			buildSettings = {
				CODE_SIGN_STYLE = Automatic;
				DEVELOPMENT_TEAM = 3H586G8V4B;
				PRODUCT_NAME = "$(TARGET_NAME)";
			};
			name = Release;
		};
		52DA682B22C4FACD001E1B09 /* Debug */ = {
			isa = XCBuildConfiguration;
			buildSettings = {
				ALWAYS_SEARCH_USER_PATHS = NO;
				CLANG_ANALYZER_NONNULL = YES;
				CLANG_ANALYZER_NUMBER_OBJECT_CONVERSION = YES_AGGRESSIVE;
				CLANG_CXX_LANGUAGE_STANDARD = "gnu++14";
				CLANG_CXX_LIBRARY = "libc++";
				CLANG_ENABLE_MODULES = YES;
				CLANG_ENABLE_OBJC_ARC = YES;
				CLANG_ENABLE_OBJC_WEAK = YES;
				CLANG_WARN_BLOCK_CAPTURE_AUTORELEASING = YES;
				CLANG_WARN_BOOL_CONVERSION = YES;
				CLANG_WARN_COMMA = YES;
				CLANG_WARN_CONSTANT_CONVERSION = YES;
				CLANG_WARN_DEPRECATED_OBJC_IMPLEMENTATIONS = YES;
				CLANG_WARN_DIRECT_OBJC_ISA_USAGE = YES_ERROR;
				CLANG_WARN_DOCUMENTATION_COMMENTS = YES;
				CLANG_WARN_EMPTY_BODY = YES;
				CLANG_WARN_ENUM_CONVERSION = YES;
				CLANG_WARN_INFINITE_RECURSION = YES;
				CLANG_WARN_INT_CONVERSION = YES;
				CLANG_WARN_NON_LITERAL_NULL_CONVERSION = YES;
				CLANG_WARN_OBJC_IMPLICIT_RETAIN_SELF = YES;
				CLANG_WARN_OBJC_LITERAL_CONVERSION = YES;
				CLANG_WARN_OBJC_ROOT_CLASS = YES_ERROR;
				CLANG_WARN_RANGE_LOOP_ANALYSIS = YES;
				CLANG_WARN_STRICT_PROTOTYPES = YES;
				CLANG_WARN_SUSPICIOUS_MOVE = YES;
				CLANG_WARN_UNGUARDED_AVAILABILITY = YES_AGGRESSIVE;
				CLANG_WARN_UNREACHABLE_CODE = YES;
				CLANG_WARN__DUPLICATE_METHOD_MATCH = YES;
				CODE_SIGN_IDENTITY = "Mac Developer";
				COPY_PHASE_STRIP = NO;
				DEBUG_INFORMATION_FORMAT = dwarf;
				ENABLE_STRICT_OBJC_MSGSEND = YES;
				ENABLE_TESTABILITY = YES;
				GCC_C_LANGUAGE_STANDARD = gnu11;
				GCC_DYNAMIC_NO_PIC = NO;
				GCC_NO_COMMON_BLOCKS = YES;
				GCC_OPTIMIZATION_LEVEL = 0;
				GCC_PREPROCESSOR_DEFINITIONS = (
					"DEBUG=1",
					"$(inherited)",
				);
				GCC_WARN_64_TO_32_BIT_CONVERSION = YES;
				GCC_WARN_ABOUT_RETURN_TYPE = YES_ERROR;
				GCC_WARN_UNDECLARED_SELECTOR = YES;
				GCC_WARN_UNINITIALIZED_AUTOS = YES_AGGRESSIVE;
				GCC_WARN_UNUSED_FUNCTION = YES;
				GCC_WARN_UNUSED_VARIABLE = YES;
				MACOSX_DEPLOYMENT_TARGET = 10.14;
				MTL_ENABLE_DEBUG_INFO = INCLUDE_SOURCE;
				MTL_FAST_MATH = YES;
				ONLY_ACTIVE_ARCH = YES;
				SDKROOT = macosx;
			};
			name = Debug;
		};
		52DA682C22C4FACD001E1B09 /* Release */ = {
			isa = XCBuildConfiguration;
			buildSettings = {
				ALWAYS_SEARCH_USER_PATHS = NO;
				CLANG_ANALYZER_NONNULL = YES;
				CLANG_ANALYZER_NUMBER_OBJECT_CONVERSION = YES_AGGRESSIVE;
				CLANG_CXX_LANGUAGE_STANDARD = "gnu++14";
				CLANG_CXX_LIBRARY = "libc++";
				CLANG_ENABLE_MODULES = YES;
				CLANG_ENABLE_OBJC_ARC = YES;
				CLANG_ENABLE_OBJC_WEAK = YES;
				CLANG_WARN_BLOCK_CAPTURE_AUTORELEASING = YES;
				CLANG_WARN_BOOL_CONVERSION = YES;
				CLANG_WARN_COMMA = YES;
				CLANG_WARN_CONSTANT_CONVERSION = YES;
				CLANG_WARN_DEPRECATED_OBJC_IMPLEMENTATIONS = YES;
				CLANG_WARN_DIRECT_OBJC_ISA_USAGE = YES_ERROR;
				CLANG_WARN_DOCUMENTATION_COMMENTS = YES;
				CLANG_WARN_EMPTY_BODY = YES;
				CLANG_WARN_ENUM_CONVERSION = YES;
				CLANG_WARN_INFINITE_RECURSION = YES;
				CLANG_WARN_INT_CONVERSION = YES;
				CLANG_WARN_NON_LITERAL_NULL_CONVERSION = YES;
				CLANG_WARN_OBJC_IMPLICIT_RETAIN_SELF = YES;
				CLANG_WARN_OBJC_LITERAL_CONVERSION = YES;
				CLANG_WARN_OBJC_ROOT_CLASS = YES_ERROR;
				CLANG_WARN_RANGE_LOOP_ANALYSIS = YES;
				CLANG_WARN_STRICT_PROTOTYPES = YES;
				CLANG_WARN_SUSPICIOUS_MOVE = YES;
				CLANG_WARN_UNGUARDED_AVAILABILITY = YES_AGGRESSIVE;
				CLANG_WARN_UNREACHABLE_CODE = YES;
				CLANG_WARN__DUPLICATE_METHOD_MATCH = YES;
				CODE_SIGN_IDENTITY = "Mac Developer";
				COPY_PHASE_STRIP = NO;
				DEBUG_INFORMATION_FORMAT = "dwarf-with-dsym";
				ENABLE_NS_ASSERTIONS = NO;
				ENABLE_STRICT_OBJC_MSGSEND = YES;
				GCC_C_LANGUAGE_STANDARD = gnu11;
				GCC_NO_COMMON_BLOCKS = YES;
				GCC_WARN_64_TO_32_BIT_CONVERSION = YES;
				GCC_WARN_ABOUT_RETURN_TYPE = YES_ERROR;
				GCC_WARN_UNDECLARED_SELECTOR = YES;
				GCC_WARN_UNINITIALIZED_AUTOS = YES_AGGRESSIVE;
				GCC_WARN_UNUSED_FUNCTION = YES;
				GCC_WARN_UNUSED_VARIABLE = YES;
				MACOSX_DEPLOYMENT_TARGET = 10.14;
				MTL_ENABLE_DEBUG_INFO = NO;
				MTL_FAST_MATH = YES;
				SDKROOT = macosx;
			};
			name = Release;
		};
		52DA682E22C4FACD001E1B09 /* Debug */ = {
			isa = XCBuildConfiguration;
			buildSettings = {
				CODE_SIGN_STYLE = Automatic;
				DEVELOPMENT_TEAM = 3H586G8V4B;
				PRODUCT_NAME = "$(TARGET_NAME)";
			};
			name = Debug;
		};
		52DA682F22C4FACD001E1B09 /* Release */ = {
			isa = XCBuildConfiguration;
			buildSettings = {
				CODE_SIGN_STYLE = Automatic;
				DEVELOPMENT_TEAM = 3H586G8V4B;
				PRODUCT_NAME = "$(TARGET_NAME)";
			};
			name = Release;
		};
		52DA683922C4FB0E001E1B09 /* Debug */ = {
			isa = XCBuildConfiguration;
			buildSettings = {
				CODE_SIGN_STYLE = Automatic;
				DEVELOPMENT_TEAM = 3H586G8V4B;
				PRODUCT_NAME = "$(TARGET_NAME)";
			};
			name = Debug;
		};
		52DA683A22C4FB0E001E1B09 /* Release */ = {
			isa = XCBuildConfiguration;
			buildSettings = {
				CODE_SIGN_STYLE = Automatic;
				DEVELOPMENT_TEAM = 3H586G8V4B;
				PRODUCT_NAME = "$(TARGET_NAME)";
			};
			name = Release;
		};
		52DA684422C4FB61001E1B09 /* Debug */ = {
			isa = XCBuildConfiguration;
			buildSettings = {
				CODE_SIGN_STYLE = Automatic;
				DEVELOPMENT_TEAM = 3H586G8V4B;
				PRODUCT_NAME = "$(TARGET_NAME)";
			};
			name = Debug;
		};
		52DA684522C4FB61001E1B09 /* Release */ = {
			isa = XCBuildConfiguration;
			buildSettings = {
				CODE_SIGN_STYLE = Automatic;
				DEVELOPMENT_TEAM = 3H586G8V4B;
				PRODUCT_NAME = "$(TARGET_NAME)";
			};
			name = Release;
		};
		52DA684E22C6301F001E1B09 /* Debug */ = {
			isa = XCBuildConfiguration;
			buildSettings = {
				CODE_SIGN_STYLE = Automatic;
				DEVELOPMENT_TEAM = 3H586G8V4B;
				PRODUCT_NAME = "$(TARGET_NAME)";
			};
			name = Debug;
		};
		52DA684F22C6301F001E1B09 /* Release */ = {
			isa = XCBuildConfiguration;
			buildSettings = {
				CODE_SIGN_STYLE = Automatic;
				DEVELOPMENT_TEAM = 3H586G8V4B;
				PRODUCT_NAME = "$(TARGET_NAME)";
			};
			name = Release;
		};
		52DA685A22CA262D001E1B09 /* Debug */ = {
			isa = XCBuildConfiguration;
			buildSettings = {
				CODE_SIGN_STYLE = Automatic;
				DEVELOPMENT_TEAM = 3H586G8V4B;
				PRODUCT_NAME = "$(TARGET_NAME)";
			};
			name = Debug;
		};
		52DA685B22CA262D001E1B09 /* Release */ = {
			isa = XCBuildConfiguration;
			buildSettings = {
				CODE_SIGN_STYLE = Automatic;
				DEVELOPMENT_TEAM = 3H586G8V4B;
				PRODUCT_NAME = "$(TARGET_NAME)";
			};
			name = Release;
		};
		52DA686522CA2763001E1B09 /* Debug */ = {
			isa = XCBuildConfiguration;
			buildSettings = {
				CODE_SIGN_STYLE = Automatic;
				DEVELOPMENT_TEAM = 3H586G8V4B;
				PRODUCT_NAME = "$(TARGET_NAME)";
			};
			name = Debug;
		};
		52DA686622CA2763001E1B09 /* Release */ = {
			isa = XCBuildConfiguration;
			buildSettings = {
				CODE_SIGN_STYLE = Automatic;
				DEVELOPMENT_TEAM = 3H586G8V4B;
				PRODUCT_NAME = "$(TARGET_NAME)";
			};
			name = Release;
		};
		52DA687022CA2A03001E1B09 /* Debug */ = {
			isa = XCBuildConfiguration;
			buildSettings = {
				CODE_SIGN_STYLE = Automatic;
				DEVELOPMENT_TEAM = 3H586G8V4B;
				PRODUCT_NAME = "$(TARGET_NAME)";
			};
			name = Debug;
		};
		52DA687122CA2A03001E1B09 /* Release */ = {
			isa = XCBuildConfiguration;
			buildSettings = {
				CODE_SIGN_STYLE = Automatic;
				DEVELOPMENT_TEAM = 3H586G8V4B;
				PRODUCT_NAME = "$(TARGET_NAME)";
			};
			name = Release;
		};
		52DA687B22CA2D40001E1B09 /* Debug */ = {
			isa = XCBuildConfiguration;
			buildSettings = {
				CODE_SIGN_STYLE = Automatic;
				DEVELOPMENT_TEAM = 3H586G8V4B;
				PRODUCT_NAME = "$(TARGET_NAME)";
			};
			name = Debug;
		};
		52DA687C22CA2D40001E1B09 /* Release */ = {
			isa = XCBuildConfiguration;
			buildSettings = {
				CODE_SIGN_STYLE = Automatic;
				DEVELOPMENT_TEAM = 3H586G8V4B;
				PRODUCT_NAME = "$(TARGET_NAME)";
			};
			name = Release;
		};
		52DA688622CA4642001E1B09 /* Debug */ = {
			isa = XCBuildConfiguration;
			buildSettings = {
				CODE_SIGN_STYLE = Automatic;
				DEVELOPMENT_TEAM = 3H586G8V4B;
				PRODUCT_NAME = "$(TARGET_NAME)";
			};
			name = Debug;
		};
		52DA688722CA4642001E1B09 /* Release */ = {
			isa = XCBuildConfiguration;
			buildSettings = {
				CODE_SIGN_STYLE = Automatic;
				DEVELOPMENT_TEAM = 3H586G8V4B;
				PRODUCT_NAME = "$(TARGET_NAME)";
			};
			name = Release;
		};
		52DA689122CBAC4B001E1B09 /* Debug */ = {
			isa = XCBuildConfiguration;
			buildSettings = {
				CODE_SIGN_STYLE = Automatic;
				DEVELOPMENT_TEAM = 3H586G8V4B;
				PRODUCT_NAME = "$(TARGET_NAME)";
			};
			name = Debug;
		};
		52DA689222CBAC4B001E1B09 /* Release */ = {
			isa = XCBuildConfiguration;
			buildSettings = {
				CODE_SIGN_STYLE = Automatic;
				DEVELOPMENT_TEAM = 3H586G8V4B;
				PRODUCT_NAME = "$(TARGET_NAME)";
			};
			name = Release;
		};
		52DB661D22D36F4E00E38769 /* Debug */ = {
			isa = XCBuildConfiguration;
			buildSettings = {
				CODE_SIGN_STYLE = Automatic;
				DEVELOPMENT_TEAM = 3H586G8V4B;
				PRODUCT_NAME = "$(TARGET_NAME)";
			};
			name = Debug;
		};
		52DB661E22D36F4E00E38769 /* Release */ = {
			isa = XCBuildConfiguration;
			buildSettings = {
				CODE_SIGN_STYLE = Automatic;
				DEVELOPMENT_TEAM = 3H586G8V4B;
				PRODUCT_NAME = "$(TARGET_NAME)";
			};
			name = Release;
		};
		52DB662922D36FA400E38769 /* Debug */ = {
			isa = XCBuildConfiguration;
			buildSettings = {
				CODE_SIGN_STYLE = Automatic;
				DEVELOPMENT_TEAM = 3H586G8V4B;
				PRODUCT_NAME = "$(TARGET_NAME)";
			};
			name = Debug;
		};
		52DB662A22D36FA400E38769 /* Release */ = {
			isa = XCBuildConfiguration;
			buildSettings = {
				CODE_SIGN_STYLE = Automatic;
				DEVELOPMENT_TEAM = 3H586G8V4B;
				PRODUCT_NAME = "$(TARGET_NAME)";
			};
			name = Release;
		};
		52DB663422D471FC00E38769 /* Debug */ = {
			isa = XCBuildConfiguration;
			buildSettings = {
				CODE_SIGN_STYLE = Automatic;
				DEVELOPMENT_TEAM = 3H586G8V4B;
				PRODUCT_NAME = "$(TARGET_NAME)";
			};
			name = Debug;
		};
		52DB663522D471FC00E38769 /* Release */ = {
			isa = XCBuildConfiguration;
			buildSettings = {
				CODE_SIGN_STYLE = Automatic;
				DEVELOPMENT_TEAM = 3H586G8V4B;
				PRODUCT_NAME = "$(TARGET_NAME)";
			};
			name = Release;
		};
		52DB663F22D473D900E38769 /* Debug */ = {
			isa = XCBuildConfiguration;
			buildSettings = {
				CODE_SIGN_STYLE = Automatic;
				DEVELOPMENT_TEAM = 3H586G8V4B;
				PRODUCT_NAME = "$(TARGET_NAME)";
			};
			name = Debug;
		};
		52DB664022D473D900E38769 /* Release */ = {
			isa = XCBuildConfiguration;
			buildSettings = {
				CODE_SIGN_STYLE = Automatic;
				DEVELOPMENT_TEAM = 3H586G8V4B;
				PRODUCT_NAME = "$(TARGET_NAME)";
			};
			name = Release;
		};
		52DB664A22D4842300E38769 /* Debug */ = {
			isa = XCBuildConfiguration;
			buildSettings = {
				CODE_SIGN_STYLE = Automatic;
				DEVELOPMENT_TEAM = 3H586G8V4B;
				PRODUCT_NAME = "$(TARGET_NAME)";
			};
			name = Debug;
		};
		52DB664B22D4842300E38769 /* Release */ = {
			isa = XCBuildConfiguration;
			buildSettings = {
				CODE_SIGN_STYLE = Automatic;
				DEVELOPMENT_TEAM = 3H586G8V4B;
				PRODUCT_NAME = "$(TARGET_NAME)";
			};
			name = Release;
		};
		52DB665522D8DD4500E38769 /* Debug */ = {
			isa = XCBuildConfiguration;
			buildSettings = {
				CODE_SIGN_STYLE = Automatic;
				DEVELOPMENT_TEAM = 3H586G8V4B;
				PRODUCT_NAME = "$(TARGET_NAME)";
			};
			name = Debug;
		};
		52DB665622D8DD4500E38769 /* Release */ = {
			isa = XCBuildConfiguration;
			buildSettings = {
				CODE_SIGN_STYLE = Automatic;
				DEVELOPMENT_TEAM = 3H586G8V4B;
				PRODUCT_NAME = "$(TARGET_NAME)";
			};
			name = Release;
		};
/* End XCBuildConfiguration section */

/* Begin XCConfigurationList section */
		52105AE022E1A0D6006BC5A0 /* Build configuration list for PBXNativeTarget "Queue" */ = {
			isa = XCConfigurationList;
			buildConfigurations = (
				52105ADE22E1A0D6006BC5A0 /* Debug */,
				52105ADF22E1A0D6006BC5A0 /* Release */,
			);
			defaultConfigurationIsVisible = 0;
			defaultConfigurationName = Release;
		};
		52105AE922E1B0AD006BC5A0 /* Build configuration list for PBXNativeTarget "CircularQueue" */ = {
			isa = XCConfigurationList;
			buildConfigurations = (
				52105AEA22E1B0AD006BC5A0 /* Debug */,
				52105AEB22E1B0AD006BC5A0 /* Release */,
			);
			defaultConfigurationIsVisible = 0;
			defaultConfigurationName = Release;
		};
		52105AF422E1C82B006BC5A0 /* Build configuration list for PBXNativeTarget "DynamicCircularQueue" */ = {
			isa = XCConfigurationList;
			buildConfigurations = (
				52105AF522E1C82B006BC5A0 /* Debug */,
				52105AF622E1C82B006BC5A0 /* Release */,
			);
			defaultConfigurationIsVisible = 0;
			defaultConfigurationName = Release;
		};
		52105AFF22E1DDA4006BC5A0 /* Build configuration list for PBXNativeTarget "QueueLinkedList" */ = {
			isa = XCConfigurationList;
			buildConfigurations = (
				52105B0022E1DDA4006BC5A0 /* Debug */,
				52105B0122E1DDA4006BC5A0 /* Release */,
			);
			defaultConfigurationIsVisible = 0;
			defaultConfigurationName = Release;
		};
		526A954F22CFA32F00193886 /* Build configuration list for PBXNativeTarget "BSTcpp" */ = {
			isa = XCConfigurationList;
			buildConfigurations = (
				526A954D22CFA32F00193886 /* Debug */,
				526A954E22CFA32F00193886 /* Release */,
			);
			defaultConfigurationIsVisible = 0;
			defaultConfigurationName = Release;
		};
		52DA682122C4FACD001E1B09 /* Build configuration list for PBXProject "Stacks" */ = {
			isa = XCConfigurationList;
			buildConfigurations = (
				52DA682B22C4FACD001E1B09 /* Debug */,
				52DA682C22C4FACD001E1B09 /* Release */,
			);
			defaultConfigurationIsVisible = 0;
			defaultConfigurationName = Release;
		};
		52DA682D22C4FACD001E1B09 /* Build configuration list for PBXNativeTarget "Stacks" */ = {
			isa = XCConfigurationList;
			buildConfigurations = (
				52DA682E22C4FACD001E1B09 /* Debug */,
				52DA682F22C4FACD001E1B09 /* Release */,
			);
			defaultConfigurationIsVisible = 0;
			defaultConfigurationName = Release;
		};
		52DA683822C4FB0E001E1B09 /* Build configuration list for PBXNativeTarget "LinkedList" */ = {
			isa = XCConfigurationList;
			buildConfigurations = (
				52DA683922C4FB0E001E1B09 /* Debug */,
				52DA683A22C4FB0E001E1B09 /* Release */,
			);
			defaultConfigurationIsVisible = 0;
			defaultConfigurationName = Release;
		};
		52DA684322C4FB61001E1B09 /* Build configuration list for PBXNativeTarget "StackLinkedList" */ = {
			isa = XCConfigurationList;
			buildConfigurations = (
				52DA684422C4FB61001E1B09 /* Debug */,
				52DA684522C4FB61001E1B09 /* Release */,
			);
			defaultConfigurationIsVisible = 0;
			defaultConfigurationName = Release;
		};
		52DA685022C6301F001E1B09 /* Build configuration list for PBXNativeTarget "test" */ = {
			isa = XCConfigurationList;
			buildConfigurations = (
				52DA684E22C6301F001E1B09 /* Debug */,
				52DA684F22C6301F001E1B09 /* Release */,
			);
			defaultConfigurationIsVisible = 0;
			defaultConfigurationName = Release;
		};
		52DA685922CA262D001E1B09 /* Build configuration list for PBXNativeTarget "factorial" */ = {
			isa = XCConfigurationList;
			buildConfigurations = (
				52DA685A22CA262D001E1B09 /* Debug */,
				52DA685B22CA262D001E1B09 /* Release */,
			);
			defaultConfigurationIsVisible = 0;
			defaultConfigurationName = Release;
		};
		52DA686422CA2763001E1B09 /* Build configuration list for PBXNativeTarget "sum" */ = {
			isa = XCConfigurationList;
			buildConfigurations = (
				52DA686522CA2763001E1B09 /* Debug */,
				52DA686622CA2763001E1B09 /* Release */,
			);
			defaultConfigurationIsVisible = 0;
			defaultConfigurationName = Release;
		};
		52DA686F22CA2A03001E1B09 /* Build configuration list for PBXNativeTarget "x^n" */ = {
			isa = XCConfigurationList;
			buildConfigurations = (
				52DA687022CA2A03001E1B09 /* Debug */,
				52DA687122CA2A03001E1B09 /* Release */,
			);
			defaultConfigurationIsVisible = 0;
			defaultConfigurationName = Release;
		};
		52DA687A22CA2D40001E1B09 /* Build configuration list for PBXNativeTarget "fibbonacci" */ = {
			isa = XCConfigurationList;
			buildConfigurations = (
				52DA687B22CA2D40001E1B09 /* Debug */,
				52DA687C22CA2D40001E1B09 /* Release */,
			);
			defaultConfigurationIsVisible = 0;
			defaultConfigurationName = Release;
		};
		52DA688522CA4642001E1B09 /* Build configuration list for PBXNativeTarget "BST" */ = {
			isa = XCConfigurationList;
			buildConfigurations = (
				52DA688622CA4642001E1B09 /* Debug */,
				52DA688722CA4642001E1B09 /* Release */,
			);
			defaultConfigurationIsVisible = 0;
			defaultConfigurationName = Release;
		};
		52DA689022CBAC4B001E1B09 /* Build configuration list for PBXNativeTarget "LinkedListDidi" */ = {
			isa = XCConfigurationList;
			buildConfigurations = (
				52DA689122CBAC4B001E1B09 /* Debug */,
				52DA689222CBAC4B001E1B09 /* Release */,
			);
			defaultConfigurationIsVisible = 0;
			defaultConfigurationName = Release;
		};
		52DB661F22D36F4E00E38769 /* Build configuration list for PBXNativeTarget "test1" */ = {
			isa = XCConfigurationList;
			buildConfigurations = (
				52DB661D22D36F4E00E38769 /* Debug */,
				52DB661E22D36F4E00E38769 /* Release */,
			);
			defaultConfigurationIsVisible = 0;
			defaultConfigurationName = Release;
		};
		52DB662822D36FA400E38769 /* Build configuration list for PBXNativeTarget "test2" */ = {
			isa = XCConfigurationList;
			buildConfigurations = (
				52DB662922D36FA400E38769 /* Debug */,
				52DB662A22D36FA400E38769 /* Release */,
			);
			defaultConfigurationIsVisible = 0;
			defaultConfigurationName = Release;
		};
		52DB663322D471FC00E38769 /* Build configuration list for PBXNativeTarget "test3" */ = {
			isa = XCConfigurationList;
			buildConfigurations = (
				52DB663422D471FC00E38769 /* Debug */,
				52DB663522D471FC00E38769 /* Release */,
			);
			defaultConfigurationIsVisible = 0;
			defaultConfigurationName = Release;
		};
		52DB663E22D473D900E38769 /* Build configuration list for PBXNativeTarget "test4" */ = {
			isa = XCConfigurationList;
			buildConfigurations = (
				52DB663F22D473D900E38769 /* Debug */,
				52DB664022D473D900E38769 /* Release */,
			);
			defaultConfigurationIsVisible = 0;
			defaultConfigurationName = Release;
		};
		52DB664922D4842300E38769 /* Build configuration list for PBXNativeTarget "bitManupalation" */ = {
			isa = XCConfigurationList;
			buildConfigurations = (
				52DB664A22D4842300E38769 /* Debug */,
				52DB664B22D4842300E38769 /* Release */,
			);
			defaultConfigurationIsVisible = 0;
			defaultConfigurationName = Release;
		};
		52DB665422D8DD4500E38769 /* Build configuration list for PBXNativeTarget "treesdidi" */ = {
			isa = XCConfigurationList;
			buildConfigurations = (
				52DB665522D8DD4500E38769 /* Debug */,
				52DB665622D8DD4500E38769 /* Release */,
			);
			defaultConfigurationIsVisible = 0;
			defaultConfigurationName = Release;
		};
/* End XCConfigurationList section */
	};
	rootObject = 52DA681E22C4FACD001E1B09 /* Project object */;
}
